<Solution>
  <Project Path="ModsenFinanceTracker.Application/ModsenFinanceTracker.Application.csproj" Id="b2af3b88-794c-47ca-9705-2ecc6bf02cf0" />
  <Project Path="ModsenFinanceTracker.ConsoleUI/ModsenFinanceTracker.ConsoleUI.csproj" Id="ed7a14d4-7f42-482c-87cb-0507ea41c809" />
  <Project Path="ModsenFinanceTracker.Domain/ModsenFinanceTracker.Domain.csproj" />
  <Project Path="ModsenFinanceTracker.Infrastructure/ModsenFinanceTracker.Infrastructure.csproj" Id="931bf616-61df-401e-b48b-29267ff7bb49" />
</Solution>
